// !$*UTF8*$!
{
	archiveVersion = 1;
	classes = {
	};
	objectVersion = 51;
	objects = {

/* Begin PBXBuildFile section */
		94D5F6A45A07D1A800246D2E /* Pods_SkrapTest.framework in Frameworks */ = {isa = PBXBuildFile; fileRef = 1D43DB9DF8D821AA7BF4D4B8 /* Pods_SkrapTest.framework */; };
		B0221FCC24CA265C00BBDB5F /* ServicesCollectionLayout.swift in Sources */ = {isa = PBXBuildFile; fileRef = B0221FCB24CA265C00BBDB5F /* ServicesCollectionLayout.swift */; };
		B0221FD124CB1E6900BBDB5F /* ServicesCollectionViewCell.swift in Sources */ = {isa = PBXBuildFile; fileRef = B0221FCF24CB1E6900BBDB5F /* ServicesCollectionViewCell.swift */; };
		B0221FD224CB1E6900BBDB5F /* ServicesCollectionViewCell.xib in Resources */ = {isa = PBXBuildFile; fileRef = B0221FD024CB1E6900BBDB5F /* ServicesCollectionViewCell.xib */; };
		B0221FD424CB203100BBDB5F /* UIImageView+KingFisher.swift in Sources */ = {isa = PBXBuildFile; fileRef = B0221FD324CB203100BBDB5F /* UIImageView+KingFisher.swift */; };
		B0221FDA24CB384500BBDB5F /* SelectionViewController.swift in Sources */ = {isa = PBXBuildFile; fileRef = B0221FD924CB384500BBDB5F /* SelectionViewController.swift */; };
		B05B86D724CB9074005B23AE /* SSubService.swift in Sources */ = {isa = PBXBuildFile; fileRef = B05B86D624CB9074005B23AE /* SSubService.swift */; };
		B05B86DB24CC3C20005B23AE /* RecentAddressTableViewCell.swift in Sources */ = {isa = PBXBuildFile; fileRef = B05B86D924CC3C20005B23AE /* RecentAddressTableViewCell.swift */; };
		B05B86DC24CC3C20005B23AE /* RecentAddressTableViewCell.xib in Resources */ = {isa = PBXBuildFile; fileRef = B05B86DA24CC3C20005B23AE /* RecentAddressTableViewCell.xib */; };
		B05B86E024CC8443005B23AE /* SubServiceTableViewCell.swift in Sources */ = {isa = PBXBuildFile; fileRef = B05B86DE24CC8443005B23AE /* SubServiceTableViewCell.swift */; };
		B05B86E124CC8443005B23AE /* SubServiceTableViewCell.xib in Resources */ = {isa = PBXBuildFile; fileRef = B05B86DF24CC8443005B23AE /* SubServiceTableViewCell.xib */; };
		B05B86E324CC8A02005B23AE /* Int+Currency.swift in Sources */ = {isa = PBXBuildFile; fileRef = B05B86E224CC8A02005B23AE /* Int+Currency.swift */; };
		B08E985D24C9F329009176EC /* AppDelegate.swift in Sources */ = {isa = PBXBuildFile; fileRef = B08E985C24C9F329009176EC /* AppDelegate.swift */; };
		B08E986124C9F329009176EC /* ServicesViewController.swift in Sources */ = {isa = PBXBuildFile; fileRef = B08E986024C9F329009176EC /* ServicesViewController.swift */; };
		B08E986424C9F329009176EC /* Main.storyboard in Resources */ = {isa = PBXBuildFile; fileRef = B08E986224C9F329009176EC /* Main.storyboard */; };
		B08E986624C9F32D009176EC /* Assets.xcassets in Resources */ = {isa = PBXBuildFile; fileRef = B08E986524C9F32D009176EC /* Assets.xcassets */; };
		B08E986924C9F32D009176EC /* LaunchScreen.storyboard in Resources */ = {isa = PBXBuildFile; fileRef = B08E986724C9F32D009176EC /* LaunchScreen.storyboard */; };
		B08E987224C9F4F9009176EC /* Constants.swift in Sources */ = {isa = PBXBuildFile; fileRef = B08E987124C9F4F9009176EC /* Constants.swift */; };
		B08E987424C9F5CA009176EC /* APIClient.swift in Sources */ = {isa = PBXBuildFile; fileRef = B08E987324C9F5CA009176EC /* APIClient.swift */; };
		B08E987724C9F686009176EC /* SService.swift in Sources */ = {isa = PBXBuildFile; fileRef = B08E987624C9F686009176EC /* SService.swift */; };
		B08E987C24C9FF29009176EC /* UIViewController+Alert.swift in Sources */ = {isa = PBXBuildFile; fileRef = B08E987B24C9FF29009176EC /* UIViewController+Alert.swift */; };
		B0E65AE424CB6A8C00503D12 /* GenericJSON.swift in Sources */ = {isa = PBXBuildFile; fileRef = B0E65AE324CB6A8C00503D12 /* GenericJSON.swift */; };
		B0E65AE724CB6ABE00503D12 /* SAddress.swift in Sources */ = {isa = PBXBuildFile; fileRef = B0E65AE624CB6ABE00503D12 /* SAddress.swift */; };
/* End PBXBuildFile section */

/* Begin PBXFileReference section */
		1D43DB9DF8D821AA7BF4D4B8 /* Pods_SkrapTest.framework */ = {isa = PBXFileReference; explicitFileType = wrapper.framework; includeInIndex = 0; path = Pods_SkrapTest.framework; sourceTree = BUILT_PRODUCTS_DIR; };
		5746266231C6490FF3F25FDD /* Pods-SkrapTest.release.xcconfig */ = {isa = PBXFileReference; includeInIndex = 1; lastKnownFileType = text.xcconfig; name = "Pods-SkrapTest.release.xcconfig"; path = "Target Support Files/Pods-SkrapTest/Pods-SkrapTest.release.xcconfig"; sourceTree = "<group>"; };
		B0221FCB24CA265C00BBDB5F /* ServicesCollectionLayout.swift */ = {isa = PBXFileReference; lastKnownFileType = sourcecode.swift; path = ServicesCollectionLayout.swift; sourceTree = "<group>"; };
		B0221FCF24CB1E6900BBDB5F /* ServicesCollectionViewCell.swift */ = {isa = PBXFileReference; lastKnownFileType = sourcecode.swift; path = ServicesCollectionViewCell.swift; sourceTree = "<group>"; };
		B0221FD024CB1E6900BBDB5F /* ServicesCollectionViewCell.xib */ = {isa = PBXFileReference; lastKnownFileType = file.xib; path = ServicesCollectionViewCell.xib; sourceTree = "<group>"; };
		B0221FD324CB203100BBDB5F /* UIImageView+KingFisher.swift */ = {isa = PBXFileReference; lastKnownFileType = sourcecode.swift; path = "UIImageView+KingFisher.swift"; sourceTree = "<group>"; };
		B0221FD924CB384500BBDB5F /* SelectionViewController.swift */ = {isa = PBXFileReference; lastKnownFileType = sourcecode.swift; path = SelectionViewController.swift; sourceTree = "<group>"; };
		B05B86D624CB9074005B23AE /* SSubService.swift */ = {isa = PBXFileReference; lastKnownFileType = sourcecode.swift; path = SSubService.swift; sourceTree = "<group>"; };
		B05B86D924CC3C20005B23AE /* RecentAddressTableViewCell.swift */ = {isa = PBXFileReference; lastKnownFileType = sourcecode.swift; path = RecentAddressTableViewCell.swift; sourceTree = "<group>"; };
		B05B86DA24CC3C20005B23AE /* RecentAddressTableViewCell.xib */ = {isa = PBXFileReference; lastKnownFileType = file.xib; path = RecentAddressTableViewCell.xib; sourceTree = "<group>"; };
		B05B86DE24CC8443005B23AE /* SubServiceTableViewCell.swift */ = {isa = PBXFileReference; lastKnownFileType = sourcecode.swift; path = SubServiceTableViewCell.swift; sourceTree = "<group>"; };
		B05B86DF24CC8443005B23AE /* SubServiceTableViewCell.xib */ = {isa = PBXFileReference; lastKnownFileType = file.xib; path = SubServiceTableViewCell.xib; sourceTree = "<group>"; };
		B05B86E224CC8A02005B23AE /* Int+Currency.swift */ = {isa = PBXFileReference; lastKnownFileType = sourcecode.swift; path = "Int+Currency.swift"; sourceTree = "<group>"; };
		B08E985924C9F329009176EC /* SkrapTest.app */ = {isa = PBXFileReference; explicitFileType = wrapper.application; includeInIndex = 0; path = SkrapTest.app; sourceTree = BUILT_PRODUCTS_DIR; };
		B08E985C24C9F329009176EC /* AppDelegate.swift */ = {isa = PBXFileReference; lastKnownFileType = sourcecode.swift; path = AppDelegate.swift; sourceTree = "<group>"; };
		B08E986024C9F329009176EC /* ServicesViewController.swift */ = {isa = PBXFileReference; lastKnownFileType = sourcecode.swift; path = ServicesViewController.swift; sourceTree = "<group>"; };
		B08E986324C9F329009176EC /* Base */ = {isa = PBXFileReference; lastKnownFileType = file.storyboard; name = Base; path = Base.lproj/Main.storyboard; sourceTree = "<group>"; };
		B08E986524C9F32D009176EC /* Assets.xcassets */ = {isa = PBXFileReference; lastKnownFileType = folder.assetcatalog; path = Assets.xcassets; sourceTree = "<group>"; };
		B08E986824C9F32D009176EC /* Base */ = {isa = PBXFileReference; lastKnownFileType = file.storyboard; name = Base; path = Base.lproj/LaunchScreen.storyboard; sourceTree = "<group>"; };
		B08E986A24C9F32D009176EC /* Info.plist */ = {isa = PBXFileReference; lastKnownFileType = text.plist.xml; path = Info.plist; sourceTree = "<group>"; };
		B08E987124C9F4F9009176EC /* Constants.swift */ = {isa = PBXFileReference; lastKnownFileType = sourcecode.swift; path = Constants.swift; sourceTree = "<group>"; };
		B08E987324C9F5CA009176EC /* APIClient.swift */ = {isa = PBXFileReference; lastKnownFileType = sourcecode.swift; path = APIClient.swift; sourceTree = "<group>"; };
		B08E987624C9F686009176EC /* SService.swift */ = {isa = PBXFileReference; lastKnownFileType = sourcecode.swift; path = SService.swift; sourceTree = "<group>"; };
		B08E987B24C9FF29009176EC /* UIViewController+Alert.swift */ = {isa = PBXFileReference; lastKnownFileType = sourcecode.swift; path = "UIViewController+Alert.swift"; sourceTree = "<group>"; };
		B0E65AE324CB6A8C00503D12 /* GenericJSON.swift */ = {isa = PBXFileReference; lastKnownFileType = sourcecode.swift; path = GenericJSON.swift; sourceTree = "<group>"; };
		B0E65AE624CB6ABE00503D12 /* SAddress.swift */ = {isa = PBXFileReference; lastKnownFileType = sourcecode.swift; path = SAddress.swift; sourceTree = "<group>"; };
		D011051FB3B80B34A8AD9139 /* Pods-SkrapTest.debug.xcconfig */ = {isa = PBXFileReference; includeInIndex = 1; lastKnownFileType = text.xcconfig; name = "Pods-SkrapTest.debug.xcconfig"; path = "Target Support Files/Pods-SkrapTest/Pods-SkrapTest.debug.xcconfig"; sourceTree = "<group>"; };
/* End PBXFileReference section */

/* Begin PBXFrameworksBuildPhase section */
		B08E985624C9F329009176EC /* Frameworks */ = {
			isa = PBXFrameworksBuildPhase;
			buildActionMask = 2147483647;
			files = (
				94D5F6A45A07D1A800246D2E /* Pods_SkrapTest.framework in Frameworks */,
			);
			runOnlyForDeploymentPostprocessing = 0;
		};
/* End PBXFrameworksBuildPhase section */

/* Begin PBXGroup section */
		4AD3D5FE48DACCB89A56E396 /* Frameworks */ = {
			isa = PBXGroup;
			children = (
				1D43DB9DF8D821AA7BF4D4B8 /* Pods_SkrapTest.framework */,
			);
			name = Frameworks;
			sourceTree = "<group>";
		};
		B0221FCA24CA260500BBDB5F /* Layouts */ = {
			isa = PBXGroup;
			children = (
				B0221FCB24CA265C00BBDB5F /* ServicesCollectionLayout.swift */,
			);
			path = Layouts;
			sourceTree = "<group>";
		};
		B0221FCD24CB1E2200BBDB5F /* Screens */ = {
			isa = PBXGroup;
			children = (
				B0221FD824CB377300BBDB5F /* SelectionScreen */,
				B0221FD524CB2AFD00BBDB5F /* ServicesScreen */,
			);
			path = Screens;
			sourceTree = "<group>";
		};
		B0221FCE24CB1E3A00BBDB5F /* Cells */ = {
			isa = PBXGroup;
			children = (
				B0221FCF24CB1E6900BBDB5F /* ServicesCollectionViewCell.swift */,
				B0221FD024CB1E6900BBDB5F /* ServicesCollectionViewCell.xib */,
			);
			path = Cells;
			sourceTree = "<group>";
		};
		B0221FD524CB2AFD00BBDB5F /* ServicesScreen */ = {
			isa = PBXGroup;
			children = (
				B0221FCE24CB1E3A00BBDB5F /* Cells */,
				B08E986024C9F329009176EC /* ServicesViewController.swift */,
			);
			path = ServicesScreen;
			sourceTree = "<group>";
		};
		B0221FD824CB377300BBDB5F /* SelectionScreen */ = {
			isa = PBXGroup;
			children = (
				B05B86DD24CC8415005B23AE /* Cells */,
				B0221FD924CB384500BBDB5F /* SelectionViewController.swift */,
			);
			path = SelectionScreen;
			sourceTree = "<group>";
		};
		B05B86DD24CC8415005B23AE /* Cells */ = {
			isa = PBXGroup;
			children = (
				B05B86D924CC3C20005B23AE /* RecentAddressTableViewCell.swift */,
				B05B86DA24CC3C20005B23AE /* RecentAddressTableViewCell.xib */,
				B05B86DE24CC8443005B23AE /* SubServiceTableViewCell.swift */,
				B05B86DF24CC8443005B23AE /* SubServiceTableViewCell.xib */,
			);
			path = Cells;
			sourceTree = "<group>";
		};
		B08E985024C9F329009176EC = {
			isa = PBXGroup;
			children = (
				B08E985B24C9F329009176EC /* SkrapTest */,
				B08E985A24C9F329009176EC /* Products */,
				BEE9CD819277313D9864C2E0 /* Pods */,
				4AD3D5FE48DACCB89A56E396 /* Frameworks */,
			);
			sourceTree = "<group>";
		};
		B08E985A24C9F329009176EC /* Products */ = {
			isa = PBXGroup;
			children = (
				B08E985924C9F329009176EC /* SkrapTest.app */,
			);
			name = Products;
			sourceTree = "<group>";
		};
		B08E985B24C9F329009176EC /* SkrapTest */ = {
			isa = PBXGroup;
			children = (
				B08E987A24C9FF11009176EC /* Extensions */,
				B0221FCA24CA260500BBDB5F /* Layouts */,
				B08E987024C9F4AF009176EC /* APIClient */,
				B0221FCD24CB1E2200BBDB5F /* Screens */,
				B08E985C24C9F329009176EC /* AppDelegate.swift */,
				B08E986224C9F329009176EC /* Main.storyboard */,
				B08E986524C9F32D009176EC /* Assets.xcassets */,
				B08E986724C9F32D009176EC /* LaunchScreen.storyboard */,
				B08E986A24C9F32D009176EC /* Info.plist */,
			);
			path = SkrapTest;
			sourceTree = "<group>";
		};
		B08E987024C9F4AF009176EC /* APIClient */ = {
			isa = PBXGroup;
			children = (
				B08E987524C9F661009176EC /* Models */,
				B08E987124C9F4F9009176EC /* Constants.swift */,
				B08E987324C9F5CA009176EC /* APIClient.swift */,
			);
			path = APIClient;
			sourceTree = "<group>";
		};
		B08E987524C9F661009176EC /* Models */ = {
			isa = PBXGroup;
			children = (
				B0E65AE324CB6A8C00503D12 /* GenericJSON.swift */,
				B08E987624C9F686009176EC /* SService.swift */,
				B0E65AE624CB6ABE00503D12 /* SAddress.swift */,
				B05B86D624CB9074005B23AE /* SSubService.swift */,
			);
			path = Models;
			sourceTree = "<group>";
		};
		B08E987A24C9FF11009176EC /* Extensions */ = {
			isa = PBXGroup;
			children = (
				B08E987B24C9FF29009176EC /* UIViewController+Alert.swift */,
				B0221FD324CB203100BBDB5F /* UIImageView+KingFisher.swift */,
				B05B86E224CC8A02005B23AE /* Int+Currency.swift */,
			);
			path = Extensions;
			sourceTree = "<group>";
		};
		BEE9CD819277313D9864C2E0 /* Pods */ = {
			isa = PBXGroup;
			children = (
				D011051FB3B80B34A8AD9139 /* Pods-SkrapTest.debug.xcconfig */,
				5746266231C6490FF3F25FDD /* Pods-SkrapTest.release.xcconfig */,
			);
			path = Pods;
			sourceTree = "<group>";
		};
/* End PBXGroup section */

/* Begin PBXNativeTarget section */
		B08E985824C9F329009176EC /* SkrapTest */ = {
			isa = PBXNativeTarget;
			buildConfigurationList = B08E986D24C9F32D009176EC /* Build configuration list for PBXNativeTarget "SkrapTest" */;
			buildPhases = (
				EF034C655F31750D3CFB24A8 /* [CP] Check Pods Manifest.lock */,
				B08E985524C9F329009176EC /* Sources */,
				B08E985624C9F329009176EC /* Frameworks */,
				B08E985724C9F329009176EC /* Resources */,
				9FAC5C56D949DCC57FFD3252 /* [CP] Embed Pods Frameworks */,
			);
			buildRules = (
			);
			dependencies = (
			);
			name = SkrapTest;
			productName = SkrapTest;
			productReference = B08E985924C9F329009176EC /* SkrapTest.app */;
			productType = "com.apple.product-type.application";
		};
/* End PBXNativeTarget section */

/* Begin PBXProject section */
		B08E985124C9F329009176EC /* Project object */ = {
			isa = PBXProject;
			attributes = {
				LastSwiftUpdateCheck = 1150;
				LastUpgradeCheck = 1150;
				ORGANIZATIONNAME = "eren kulan";
				TargetAttributes = {
					B08E985824C9F329009176EC = {
						CreatedOnToolsVersion = 11.5;
					};
				};
			};
			buildConfigurationList = B08E985424C9F329009176EC /* Build configuration list for PBXProject "SkrapTest" */;
			compatibilityVersion = "Xcode 9.3";
			developmentRegion = en;
			hasScannedForEncodings = 0;
			knownRegions = (
				en,
				Base,
			);
			mainGroup = B08E985024C9F329009176EC;
			productRefGroup = B08E985A24C9F329009176EC /* Products */;
			projectDirPath = "";
			projectRoot = "";
			targets = (
				B08E985824C9F329009176EC /* SkrapTest */,
			);
		};
/* End PBXProject section */

/* Begin PBXResourcesBuildPhase section */
		B08E985724C9F329009176EC /* Resources */ = {
			isa = PBXResourcesBuildPhase;
			buildActionMask = 2147483647;
			files = (
				B05B86E124CC8443005B23AE /* SubServiceTableViewCell.xib in Resources */,
				B08E986924C9F32D009176EC /* LaunchScreen.storyboard in Resources */,
				B08E986624C9F32D009176EC /* Assets.xcassets in Resources */,
				B05B86DC24CC3C20005B23AE /* RecentAddressTableViewCell.xib in Resources */,
				B0221FD224CB1E6900BBDB5F /* ServicesCollectionViewCell.xib in Resources */,
				B08E986424C9F329009176EC /* Main.storyboard in Resources */,
			);
			runOnlyForDeploymentPostprocessing = 0;
		};
/* End PBXResourcesBuildPhase section */

/* Begin PBXShellScriptBuildPhase section */
		9FAC5C56D949DCC57FFD3252 /* [CP] Embed Pods Frameworks */ = {
			isa = PBXShellScriptBuildPhase;
			buildActionMask = 2147483647;
			files = (
			);
			inputFileListPaths = (
				"${PODS_ROOT}/Target Support Files/Pods-SkrapTest/Pods-SkrapTest-frameworks-${CONFIGURATION}-input-files.xcfilelist",
			);
			name = "[CP] Embed Pods Frameworks";
			outputFileListPaths = (
				"${PODS_ROOT}/Target Support Files/Pods-SkrapTest/Pods-SkrapTest-frameworks-${CONFIGURATION}-output-files.xcfilelist",
			);
			runOnlyForDeploymentPostprocessing = 0;
			shellPath = /bin/sh;
			shellScript = "\"${PODS_ROOT}/Target Support Files/Pods-SkrapTest/Pods-SkrapTest-frameworks.sh\"\n";
			showEnvVarsInLog = 0;
		};
		EF034C655F31750D3CFB24A8 /* [CP] Check Pods Manifest.lock */ = {
			isa = PBXShellScriptBuildPhase;
			buildActionMask = 2147483647;
			files = (
			);
			inputFileListPaths = (
			);
			inputPaths = (
				"${PODS_PODFILE_DIR_PATH}/Podfile.lock",
				"${PODS_ROOT}/Manifest.lock",
			);
			name = "[CP] Check Pods Manifest.lock";
			outputFileListPaths = (
			);
			outputPaths = (
				"$(DERIVED_FILE_DIR)/Pods-SkrapTest-checkManifestLockResult.txt",
			);
			runOnlyForDeploymentPostprocessing = 0;
			shellPath = /bin/sh;
			shellScript = "diff \"${PODS_PODFILE_DIR_PATH}/Podfile.lock\" \"${PODS_ROOT}/Manifest.lock\" > /dev/null\nif [ $? != 0 ] ; then\n    # print error to STDERR\n    echo \"error: The sandbox is not in sync with the Podfile.lock. Run 'pod install' or update your CocoaPods installation.\" >&2\n    exit 1\nfi\n# This output is used by Xcode 'outputs' to avoid re-running this script phase.\necho \"SUCCESS\" > \"${SCRIPT_OUTPUT_FILE_0}\"\n";
			showEnvVarsInLog = 0;
		};
/* End PBXShellScriptBuildPhase section */

/* Begin PBXSourcesBuildPhase section */
		B08E985524C9F329009176EC /* Sources */ = {
			isa = PBXSourcesBuildPhase;
			buildActionMask = 2147483647;
			files = (
				B08E986124C9F329009176EC /* ServicesViewController.swift in Sources */,
				B0221FDA24CB384500BBDB5F /* SelectionViewController.swift in Sources */,
				B08E985D24C9F329009176EC /* AppDelegate.swift in Sources */,
				B05B86DB24CC3C20005B23AE /* RecentAddressTableViewCell.swift in Sources */,
				B08E987424C9F5CA009176EC /* APIClient.swift in Sources */,
				B08E987224C9F4F9009176EC /* Constants.swift in Sources */,
				B08E987724C9F686009176EC /* SService.swift in Sources */,
				B0E65AE424CB6A8C00503D12 /* GenericJSON.swift in Sources */,
				B0221FD424CB203100BBDB5F /* UIImageView+KingFisher.swift in Sources */,
				B0221FD124CB1E6900BBDB5F /* ServicesCollectionViewCell.swift in Sources */,
				B0E65AE724CB6ABE00503D12 /* SAddress.swift in Sources */,
				B08E987C24C9FF29009176EC /* UIViewController+Alert.swift in Sources */,
				B05B86D724CB9074005B23AE /* SSubService.swift in Sources */,
				B05B86E324CC8A02005B23AE /* Int+Currency.swift in Sources */,
				B05B86E024CC8443005B23AE /* SubServiceTableViewCell.swift in Sources */,
				B0221FCC24CA265C00BBDB5F /* ServicesCollectionLayout.swift in Sources */,
			);
			runOnlyForDeploymentPostprocessing = 0;
		};
/* End PBXSourcesBuildPhase section */

/* Begin PBXVariantGroup section */
		B08E986224C9F329009176EC /* Main.storyboard */ = {
			isa = PBXVariantGroup;
			children = (
				B08E986324C9F329009176EC /* Base */,
			);
			name = Main.storyboard;
			sourceTree = "<group>";
		};
		B08E986724C9F32D009176EC /* LaunchScreen.storyboard */ = {
			isa = PBXVariantGroup;
			children = (
				B08E986824C9F32D009176EC /* Base */,
			);
			name = LaunchScreen.storyboard;
			sourceTree = "<group>";
		};
/* End PBXVariantGroup section */

/* Begin XCBuildConfiguration section */
		B08E986B24C9F32D009176EC /* Debug */ = {
			isa = XCBuildConfiguration;
			buildSettings = {
				ALWAYS_SEARCH_USER_PATHS = NO;
				CLANG_ANALYZER_NONNULL = YES;
				CLANG_ANALYZER_NUMBER_OBJECT_CONVERSION = YES_AGGRESSIVE;
				CLANG_CXX_LANGUAGE_STANDARD = "gnu++14";
				CLANG_CXX_LIBRARY = "libc++";
				CLANG_ENABLE_MODULES = YES;
				CLANG_ENABLE_OBJC_ARC = YES;
				CLANG_ENABLE_OBJC_WEAK = YES;
				CLANG_WARN_BLOCK_CAPTURE_AUTORELEASING = YES;
				CLANG_WARN_BOOL_CONVERSION = YES;
				CLANG_WARN_COMMA = YES;
				CLANG_WARN_CONSTANT_CONVERSION = YES;
				CLANG_WARN_DEPRECATED_OBJC_IMPLEMENTATIONS = YES;
				CLANG_WARN_DIRECT_OBJC_ISA_USAGE = YES_ERROR;
				CLANG_WARN_DOCUMENTATION_COMMENTS = YES;
				CLANG_WARN_EMPTY_BODY = YES;
				CLANG_WARN_ENUM_CONVERSION = YES;
				CLANG_WARN_INFINITE_RECURSION = YES;
				CLANG_WARN_INT_CONVERSION = YES;
				CLANG_WARN_NON_LITERAL_NULL_CONVERSION = YES;
				CLANG_WARN_OBJC_IMPLICIT_RETAIN_SELF = YES;
				CLANG_WARN_OBJC_LITERAL_CONVERSION = YES;
				CLANG_WARN_OBJC_ROOT_CLASS = YES_ERROR;
				CLANG_WARN_RANGE_LOOP_ANALYSIS = YES;
				CLANG_WARN_STRICT_PROTOTYPES = YES;
				CLANG_WARN_SUSPICIOUS_MOVE = YES;
				CLANG_WARN_UNGUARDED_AVAILABILITY = YES_AGGRESSIVE;
				CLANG_WARN_UNREACHABLE_CODE = YES;
				CLANG_WARN__DUPLICATE_METHOD_MATCH = YES;
				COPY_PHASE_STRIP = NO;
				DEBUG_INFORMATION_FORMAT = dwarf;
				ENABLE_STRICT_OBJC_MSGSEND = YES;
				ENABLE_TESTABILITY = YES;
				GCC_C_LANGUAGE_STANDARD = gnu11;
				GCC_DYNAMIC_NO_PIC = NO;
				GCC_NO_COMMON_BLOCKS = YES;
				GCC_OPTIMIZATION_LEVEL = 0;
				GCC_PREPROCESSOR_DEFINITIONS = (
					"DEBUG=1",
					"$(inherited)",
				);
				GCC_WARN_64_TO_32_BIT_CONVERSION = YES;
				GCC_WARN_ABOUT_RETURN_TYPE = YES_ERROR;
				GCC_WARN_UNDECLARED_SELECTOR = YES;
				GCC_WARN_UNINITIALIZED_AUTOS = YES_AGGRESSIVE;
				GCC_WARN_UNUSED_FUNCTION = YES;
				GCC_WARN_UNUSED_VARIABLE = YES;
				IPHONEOS_DEPLOYMENT_TARGET = 12.0;
				MTL_ENABLE_DEBUG_INFO = INCLUDE_SOURCE;
				MTL_FAST_MATH = YES;
				ONLY_ACTIVE_ARCH = YES;
				SDKROOT = iphoneos;
				SWIFT_ACTIVE_COMPILATION_CONDITIONS = DEBUG;
				SWIFT_OPTIMIZATION_LEVEL = "-Onone";
			};
			name = Debug;
		};
		B08E986C24C9F32D009176EC /* Release */ = {
			isa = XCBuildConfiguration;
			buildSettings = {
				ALWAYS_SEARCH_USER_PATHS = NO;
				CLANG_ANALYZER_NONNULL = YES;
				CLANG_ANALYZER_NUMBER_OBJECT_CONVERSION = YES_AGGRESSIVE;
				CLANG_CXX_LANGUAGE_STANDARD = "gnu++14";
				CLANG_CXX_LIBRARY = "libc++";
				CLANG_ENABLE_MODULES = YES;
				CLANG_ENABLE_OBJC_ARC = YES;
				CLANG_ENABLE_OBJC_WEAK = YES;
				CLANG_WARN_BLOCK_CAPTURE_AUTORELEASING = YES;
				CLANG_WARN_BOOL_CONVERSION = YES;
				CLANG_WARN_COMMA = YES;
				CLANG_WARN_CONSTANT_CONVERSION = YES;
				CLANG_WARN_DEPRECATED_OBJC_IMPLEMENTATIONS = YES;
				CLANG_WARN_DIRECT_OBJC_ISA_USAGE = YES_ERROR;
				CLANG_WARN_DOCUMENTATION_COMMENTS = YES;
				CLANG_WARN_EMPTY_BODY = YES;
				CLANG_WARN_ENUM_CONVERSION = YES;
				CLANG_WARN_INFINITE_RECURSION = YES;
				CLANG_WARN_INT_CONVERSION = YES;
				CLANG_WARN_NON_LITERAL_NULL_CONVERSION = YES;
				CLANG_WARN_OBJC_IMPLICIT_RETAIN_SELF = YES;
				CLANG_WARN_OBJC_LITERAL_CONVERSION = YES;
				CLANG_WARN_OBJC_ROOT_CLASS = YES_ERROR;
				CLANG_WARN_RANGE_LOOP_ANALYSIS = YES;
				CLANG_WARN_STRICT_PROTOTYPES = YES;
				CLANG_WARN_SUSPICIOUS_MOVE = YES;
				CLANG_WARN_UNGUARDED_AVAILABILITY = YES_AGGRESSIVE;
				CLANG_WARN_UNREACHABLE_CODE = YES;
				CLANG_WARN__DUPLICATE_METHOD_MATCH = YES;
				COPY_PHASE_STRIP = NO;
				DEBUG_INFORMATION_FORMAT = "dwarf-with-dsym";
				ENABLE_NS_ASSERTIONS = NO;
				ENABLE_STRICT_OBJC_MSGSEND = YES;
				GCC_C_LANGUAGE_STANDARD = gnu11;
				GCC_NO_COMMON_BLOCKS = YES;
				GCC_WARN_64_TO_32_BIT_CONVERSION = YES;
				GCC_WARN_ABOUT_RETURN_TYPE = YES_ERROR;
				GCC_WARN_UNDECLARED_SELECTOR = YES;
				GCC_WARN_UNINITIALIZED_AUTOS = YES_AGGRESSIVE;
				GCC_WARN_UNUSED_FUNCTION = YES;
				GCC_WARN_UNUSED_VARIABLE = YES;
				IPHONEOS_DEPLOYMENT_TARGET = 12.0;
				MTL_ENABLE_DEBUG_INFO = NO;
				MTL_FAST_MATH = YES;
				SDKROOT = iphoneos;
				SWIFT_COMPILATION_MODE = wholemodule;
				SWIFT_OPTIMIZATION_LEVEL = "-O";
				VALIDATE_PRODUCT = YES;
			};
			name = Release;
		};
		B08E986E24C9F32D009176EC /* Debug */ = {
			isa = XCBuildConfiguration;
			baseConfigurationReference = D011051FB3B80B34A8AD9139 /* Pods-SkrapTest.debug.xcconfig */;
			buildSettings = {
				ASSETCATALOG_COMPILER_APPICON_NAME = AppIcon;
				CODE_SIGN_STYLE = Automatic;
				DEVELOPMENT_TEAM = CZ3J2246AK;
				INFOPLIST_FILE = SkrapTest/Info.plist;
				IPHONEOS_DEPLOYMENT_TARGET = 12.0;
				LD_RUNPATH_SEARCH_PATHS = (
					"$(inherited)",
					"@executable_path/Frameworks",
				);
				PRODUCT_BUNDLE_IDENTIFIER = com.eren.SkrapTest;
				PRODUCT_NAME = "$(TARGET_NAME)";
				SWIFT_VERSION = 5.0;
				TARGETED_DEVICE_FAMILY = "1,2";
			};
			name = Debug;
		};
		B08E986F24C9F32D009176EC /* Release */ = {
			isa = XCBuildConfiguration;
			baseConfigurationReference = 5746266231C6490FF3F25FDD /* Pods-SkrapTest.release.xcconfig */;
			buildSettings = {
				ASSETCATALOG_COMPILER_APPICON_NAME = AppIcon;
				CODE_SIGN_STYLE = Automatic;
				DEVELOPMENT_TEAM = CZ3J2246AK;
				INFOPLIST_FILE = SkrapTest/Info.plist;
				IPHONEOS_DEPLOYMENT_TARGET = 12.0;
				LD_RUNPATH_SEARCH_PATHS = (
					"$(inherited)",
					"@executable_path/Frameworks",
				);
				PRODUCT_BUNDLE_IDENTIFIER = com.eren.SkrapTest;
				PRODUCT_NAME = "$(TARGET_NAME)";
				SWIFT_VERSION = 5.0;
				TARGETED_DEVICE_FAMILY = "1,2";
			};
			name = Release;
		};
/* End XCBuildConfiguration section */

/* Begin XCConfigurationList section */
		B08E985424C9F329009176EC /* Build configuration list for PBXProject "SkrapTest" */ = {
			isa = XCConfigurationList;
			buildConfigurations = (
				B08E986B24C9F32D009176EC /* Debug */,
				B08E986C24C9F32D009176EC /* Release */,
			);
			defaultConfigurationIsVisible = 0;
			defaultConfigurationName = Release;
		};
		B08E986D24C9F32D009176EC /* Build configuration list for PBXNativeTarget "SkrapTest" */ = {
			isa = XCConfigurationList;
			buildConfigurations = (
				B08E986E24C9F32D009176EC /* Debug */,
				B08E986F24C9F32D009176EC /* Release */,
			);
			defaultConfigurationIsVisible = 0;
			defaultConfigurationName = Release;
		};
/* End XCConfigurationList section */
	};
	rootObject = B08E985124C9F329009176EC /* Project object */;
}
